
Microsoft Visual Studio Solution File, Format Version 12.00
# Visual Studio Version 17
VisualStudioVersion = 17.7.34031.279
MinimumVisualStudioVersion = 10.0.40219.1
Project("{9A19103F-16F7-4668-BE54-9A1E7A4F7556}") = "GoblinMode", "GoblinMode\GoblinMode.csproj", "{10685B68-6880-4A1B-BADC-F086566FC0DD}"
EndProject
Project("{9A19103F-16F7-4668-BE54-9A1E7A4F7556}") = "GoblinModeMaui", "GoblinModeMaui\GoblinModeMaui.csproj", "{05452F21-DBA2-4228-A1C7-BBCC957F9509}"
EndProject
Project("{FAE04EC0-301F-11D3-BF4B-00C04F79EFBC}") = "GameLogic2", "GameLogic2\GameLogic2.csproj", "{0A6F7AFE-FE06-4F2A-AB96-2F3D67776619}"
EndProject
Global
	GlobalSection(SolutionConfigurationPlatforms) = preSolution
		Debug|Any CPU = Debug|Any CPU
		Release|Any CPU = Release|Any CPU
	EndGlobalSection
	GlobalSection(ProjectConfigurationPlatforms) = postSolution
		{10685B68-6880-4A1B-BADC-F086566FC0DD}.Debug|Any CPU.ActiveCfg = Debug|Any CPU
		{10685B68-6880-4A1B-BADC-F086566FC0DD}.Debug|Any CPU.Build.0 = Debug|Any CPU
		{10685B68-6880-4A1B-BADC-F086566FC0DD}.Release|Any CPU.ActiveCfg = Release|Any CPU
		{10685B68-6880-4A1B-BADC-F086566FC0DD}.Release|Any CPU.Build.0 = Release|Any CPU
		{05452F21-DBA2-4228-A1C7-BBCC957F9509}.Debug|Any CPU.ActiveCfg = Debug|Any CPU
		{05452F21-DBA2-4228-A1C7-BBCC957F9509}.Debug|Any CPU.Build.0 = Debug|Any CPU
		{05452F21-DBA2-4228-A1C7-BBCC957F9509}.Debug|Any CPU.Deploy.0 = Debug|Any CPU
		{05452F21-DBA2-4228-A1C7-BBCC957F9509}.Release|Any CPU.ActiveCfg = Release|Any CPU
		{05452F21-DBA2-4228-A1C7-BBCC957F9509}.Release|Any CPU.Build.0 = Release|Any CPU
		{05452F21-DBA2-4228-A1C7-BBCC957F9509}.Release|Any CPU.Deploy.0 = Release|Any CPU
		{0A6F7AFE-FE06-4F2A-AB96-2F3D67776619}.Debug|Any CPU.ActiveCfg = Debug|Any CPU
		{0A6F7AFE-FE06-4F2A-AB96-2F3D67776619}.Debug|Any CPU.Build.0 = Debug|Any CPU
		{0A6F7AFE-FE06-4F2A-AB96-2F3D67776619}.Release|Any CPU.ActiveCfg = Release|Any CPU
		{0A6F7AFE-FE06-4F2A-AB96-2F3D67776619}.Release|Any CPU.Build.0 = Release|Any CPU
	EndGlobalSection
	GlobalSection(SolutionProperties) = preSolution
		HideSolutionNode = FALSE
	EndGlobalSection
	GlobalSection(ExtensibilityGlobals) = postSolution
		SolutionGuid = {DBE0250B-71C6-4A40-BC5E-806D51424E84}
	EndGlobalSection
EndGlobal
